// !$*UTF8*$!
{
	archiveVersion = 1;
	classes = {
	};
	objectVersion = 50;
	objects = {

/* Begin PBXBuildFile section */
		EFE6F6AA22B745EF00092678 /* AppDelegate.swift in Sources */ = {isa = PBXBuildFile; fileRef = EFE6F6A922B745EF00092678 /* AppDelegate.swift */; };
		EFE6F6AC22B745EF00092678 /* ViewController.swift in Sources */ = {isa = PBXBuildFile; fileRef = EFE6F6AB22B745EF00092678 /* ViewController.swift */; };
		EFE6F6AF22B745EF00092678 /* Main.storyboard in Resources */ = {isa = PBXBuildFile; fileRef = EFE6F6AD22B745EF00092678 /* Main.storyboard */; };
		EFE6F6B222B745EF00092678 /* MovieSample.xcdatamodeld in Sources */ = {isa = PBXBuildFile; fileRef = EFE6F6B022B745EF00092678 /* MovieSample.xcdatamodeld */; };
		EFE6F6B422B745F000092678 /* Assets.xcassets in Resources */ = {isa = PBXBuildFile; fileRef = EFE6F6B322B745F000092678 /* Assets.xcassets */; };
		EFE6F6B722B745F000092678 /* LaunchScreen.storyboard in Resources */ = {isa = PBXBuildFile; fileRef = EFE6F6B522B745F000092678 /* LaunchScreen.storyboard */; };
/* End PBXBuildFile section */

/* Begin PBXFileReference section */
		EFE6F6A622B745EF00092678 /* MovieSample.app */ = {isa = PBXFileReference; explicitFileType = wrapper.application; includeInIndex = 0; path = MovieSample.app; sourceTree = BUILT_PRODUCTS_DIR; };
		EFE6F6A922B745EF00092678 /* AppDelegate.swift */ = {isa = PBXFileReference; lastKnownFileType = sourcecode.swift; path = AppDelegate.swift; sourceTree = "<group>"; };
		EFE6F6AB22B745EF00092678 /* ViewController.swift */ = {isa = PBXFileReference; lastKnownFileType = sourcecode.swift; path = ViewController.swift; sourceTree = "<group>"; };
		EFE6F6AE22B745EF00092678 /* Base */ = {isa = PBXFileReference; lastKnownFileType = file.storyboard; name = Base; path = Base.lproj/Main.storyboard; sourceTree = "<group>"; };
		EFE6F6B122B745EF00092678 /* MovieSample.xcdatamodel */ = {isa = PBXFileReference; lastKnownFileType = wrapper.xcdatamodel; path = MovieSample.xcdatamodel; sourceTree = "<group>"; };
		EFE6F6B322B745F000092678 /* Assets.xcassets */ = {isa = PBXFileReference; lastKnownFileType = folder.assetcatalog; path = Assets.xcassets; sourceTree = "<group>"; };
		EFE6F6B622B745F000092678 /* Base */ = {isa = PBXFileReference; lastKnownFileType = file.storyboard; name = Base; path = Base.lproj/LaunchScreen.storyboard; sourceTree = "<group>"; };
		EFE6F6B822B745F000092678 /* Info.plist */ = {isa = PBXFileReference; lastKnownFileType = text.plist.xml; path = Info.plist; sourceTree = "<group>"; };
/* End PBXFileReference section */

/* Begin PBXFrameworksBuildPhase section */
		EFE6F6A322B745EF00092678 /* Frameworks */ = {
			isa = PBXFrameworksBuildPhase;
			buildActionMask = 2147483647;
			files = (
			);
			runOnlyForDeploymentPostprocessing = 0;
		};
/* End PBXFrameworksBuildPhase section */

/* Begin PBXGroup section */
		EFE6F69D22B745EF00092678 = {
			isa = PBXGroup;
			children = (
				EFE6F6A822B745EF00092678 /* MovieSample */,
				EFE6F6A722B745EF00092678 /* Products */,
			);
			sourceTree = "<group>";
		};
		EFE6F6A722B745EF00092678 /* Products */ = {
			isa = PBXGroup;
			children = (
				EFE6F6A622B745EF00092678 /* MovieSample.app */,
			);
			name = Products;
			sourceTree = "<group>";
		};
		EFE6F6A822B745EF00092678 /* MovieSample */ = {
			isa = PBXGroup;
			children = (
				EFE6F6A922B745EF00092678 /* AppDelegate.swift */,
				EFE6F6AB22B745EF00092678 /* ViewController.swift */,
				EFE6F6AD22B745EF00092678 /* Main.storyboard */,
				EFE6F6B322B745F000092678 /* Assets.xcassets */,
				EFE6F6B522B745F000092678 /* LaunchScreen.storyboard */,
				EFE6F6B822B745F000092678 /* Info.plist */,
				EFE6F6B022B745EF00092678 /* MovieSample.xcdatamodeld */,
			);
			path = MovieSample;
			sourceTree = "<group>";
		};
/* End PBXGroup section */

/* Begin PBXNativeTarget section */
		EFE6F6A522B745EF00092678 /* MovieSample */ = {
			isa = PBXNativeTarget;
			buildConfigurationList = EFE6F6BB22B745F000092678 /* Build configuration list for PBXNativeTarget "MovieSample" */;
			buildPhases = (
				EFE6F6A222B745EF00092678 /* Sources */,
				EFE6F6A322B745EF00092678 /* Frameworks */,
				EFE6F6A422B745EF00092678 /* Resources */,
			);
			buildRules = (
			);
			dependencies = (
			);
			name = MovieSample;
			productName = MovieSample;
			productReference = EFE6F6A622B745EF00092678 /* MovieSample.app */;
			productType = "com.apple.product-type.application";
		};
/* End PBXNativeTarget section */

/* Begin PBXProject section */
		EFE6F69E22B745EF00092678 /* Project object */ = {
			isa = PBXProject;
			attributes = {
				LastSwiftUpdateCheck = 1020;
				LastUpgradeCheck = 1020;
				ORGANIZATIONNAME = com.nagai;
				TargetAttributes = {
					EFE6F6A522B745EF00092678 = {
						CreatedOnToolsVersion = 10.2.1;
					};
				};
			};
			buildConfigurationList = EFE6F6A122B745EF00092678 /* Build configuration list for PBXProject "MovieSample" */;
			compatibilityVersion = "Xcode 9.3";
			developmentRegion = en;
			hasScannedForEncodings = 0;
			knownRegions = (
				en,
				Base,
			);
			mainGroup = EFE6F69D22B745EF00092678;
			productRefGroup = EFE6F6A722B745EF00092678 /* Products */;
			projectDirPath = "";
			projectRoot = "";
			targets = (
				EFE6F6A522B745EF00092678 /* MovieSample */,
			);
		};
/* End PBXProject section */

/* Begin PBXResourcesBuildPhase section */
		EFE6F6A422B745EF00092678 /* Resources */ = {
			isa = PBXResourcesBuildPhase;
			buildActionMask = 2147483647;
			files = (
				EFE6F6B722B745F000092678 /* LaunchScreen.storyboard in Resources */,
				EFE6F6B422B745F000092678 /* Assets.xcassets in Resources */,
				EFE6F6AF22B745EF00092678 /* Main.storyboard in Resources */,
			);
			runOnlyForDeploymentPostprocessing = 0;
		};
/* End PBXResourcesBuildPhase section */

/* Begin PBXSourcesBuildPhase section */
		EFE6F6A222B745EF00092678 /* Sources */ = {
			isa = PBXSourcesBuildPhase;
			buildActionMask = 2147483647;
			files = (
				EFE6F6AC22B745EF00092678 /* ViewController.swift in Sources */,
				EFE6F6B222B745EF00092678 /* MovieSample.xcdatamodeld in Sources */,
				EFE6F6AA22B745EF00092678 /* AppDelegate.swift in Sources */,
			);
			runOnlyForDeploymentPostprocessing = 0;
		};
/* End PBXSourcesBuildPhase section */

/* Begin PBXVariantGroup section */
		EFE6F6AD22B745EF00092678 /* Main.storyboard */ = {
			isa = PBXVariantGroup;
			children = (
				EFE6F6AE22B745EF00092678 /* Base */,
			);
			name = Main.storyboard;
			sourceTree = "<group>";
		};
		EFE6F6B522B745F000092678 /* LaunchScreen.storyboard */ = {
			isa = PBXVariantGroup;
			children = (
				EFE6F6B622B745F000092678 /* Base */,
			);
			name = LaunchScreen.storyboard;
			sourceTree = "<group>";
		};
/* End PBXVariantGroup section */

/* Begin XCBuildConfiguration section */
		EFE6F6B922B745F000092678 /* Debug */ = {
			isa = XCBuildConfiguration;
			buildSettings = {
				ALWAYS_SEARCH_USER_PATHS = NO;
				CLANG_ANALYZER_NONNULL = YES;
				CLANG_ANALYZER_NUMBER_OBJECT_CONVERSION = YES_AGGRESSIVE;
				CLANG_CXX_LANGUAGE_STANDARD = "gnu++14";
				CLANG_CXX_LIBRARY = "libc++";
				CLANG_ENABLE_MODULES = YES;
				CLANG_ENABLE_OBJC_ARC = YES;
				CLANG_ENABLE_OBJC_WEAK = YES;
				CLANG_WARN_BLOCK_CAPTURE_AUTORELEASING = YES;
				CLANG_WARN_BOOL_CONVERSION = YES;
				CLANG_WARN_COMMA = YES;
				CLANG_WARN_CONSTANT_CONVERSION = YES;
				CLANG_WARN_DEPRECATED_OBJC_IMPLEMENTATIONS = YES;
				CLANG_WARN_DIRECT_OBJC_ISA_USAGE = YES_ERROR;
				CLANG_WARN_DOCUMENTATION_COMMENTS = YES;
				CLANG_WARN_EMPTY_BODY = YES;
				CLANG_WARN_ENUM_CONVERSION = YES;
				CLANG_WARN_INFINITE_RECURSION = YES;
				CLANG_WARN_INT_CONVERSION = YES;
				CLANG_WARN_NON_LITERAL_NULL_CONVERSION = YES;
				CLANG_WARN_OBJC_IMPLICIT_RETAIN_SELF = YES;
				CLANG_WARN_OBJC_LITERAL_CONVERSION = YES;
				CLANG_WARN_OBJC_ROOT_CLASS = YES_ERROR;
				CLANG_WARN_RANGE_LOOP_ANALYSIS = YES;
				CLANG_WARN_STRICT_PROTOTYPES = YES;
				CLANG_WARN_SUSPICIOUS_MOVE = YES;
				CLANG_WARN_UNGUARDED_AVAILABILITY = YES_AGGRESSIVE;
				CLANG_WARN_UNREACHABLE_CODE = YES;
				CLANG_WARN__DUPLICATE_METHOD_MATCH = YES;
				CODE_SIGN_IDENTITY = "iPhone Developer";
				COPY_PHASE_STRIP = NO;
				DEBUG_INFORMATION_FORMAT = dwarf;
				ENABLE_STRICT_OBJC_MSGSEND = YES;
				ENABLE_TESTABILITY = YES;
				GCC_C_LANGUAGE_STANDARD = gnu11;
				GCC_DYNAMIC_NO_PIC = NO;
				GCC_NO_COMMON_BLOCKS = YES;
				GCC_OPTIMIZATION_LEVEL = 0;
				GCC_PREPROCESSOR_DEFINITIONS = (
					"DEBUG=1",
					"$(inherited)",
				);
				GCC_WARN_64_TO_32_BIT_CONVERSION = YES;
				GCC_WARN_ABOUT_RETURN_TYPE = YES_ERROR;
				GCC_WARN_UNDECLARED_SELECTOR = YES;
				GCC_WARN_UNINITIALIZED_AUTOS = YES_AGGRESSIVE;
				GCC_WARN_UNUSED_FUNCTION = YES;
				GCC_WARN_UNUSED_VARIABLE = YES;
				IPHONEOS_DEPLOYMENT_TARGET = 12.2;
				MTL_ENABLE_DEBUG_INFO = INCLUDE_SOURCE;
				MTL_FAST_MATH = YES;
				ONLY_ACTIVE_ARCH = YES;
				SDKROOT = iphoneos;
				SWIFT_ACTIVE_COMPILATION_CONDITIONS = DEBUG;
				SWIFT_OPTIMIZATION_LEVEL = "-Onone";
			};
			name = Debug;
		};
		EFE6F6BA22B745F000092678 /* Release */ = {
			isa = XCBuildConfiguration;
			buildSettings = {
				ALWAYS_SEARCH_USER_PATHS = NO;
				CLANG_ANALYZER_NONNULL = YES;
				CLANG_ANALYZER_NUMBER_OBJECT_CONVERSION = YES_AGGRESSIVE;
				CLANG_CXX_LANGUAGE_STANDARD = "gnu++14";
				CLANG_CXX_LIBRARY = "libc++";
				CLANG_ENABLE_MODULES = YES;
				CLANG_ENABLE_OBJC_ARC = YES;
				CLANG_ENABLE_OBJC_WEAK = YES;
				CLANG_WARN_BLOCK_CAPTURE_AUTORELEASING = YES;
				CLANG_WARN_BOOL_CONVERSION = YES;
				CLANG_WARN_COMMA = YES;
				CLANG_WARN_CONSTANT_CONVERSION = YES;
				CLANG_WARN_DEPRECATED_OBJC_IMPLEMENTATIONS = YES;
				CLANG_WARN_DIRECT_OBJC_ISA_USAGE = YES_ERROR;
				CLANG_WARN_DOCUMENTATION_COMMENTS = YES;
				CLANG_WARN_EMPTY_BODY = YES;
				CLANG_WARN_ENUM_CONVERSION = YES;
				CLANG_WARN_INFINITE_RECURSION = YES;
				CLANG_WARN_INT_CONVERSION = YES;
				CLANG_WARN_NON_LITERAL_NULL_CONVERSION = YES;
				CLANG_WARN_OBJC_IMPLICIT_RETAIN_SELF = YES;
				CLANG_WARN_OBJC_LITERAL_CONVERSION = YES;
				CLANG_WARN_OBJC_ROOT_CLASS = YES_ERROR;
				CLANG_WARN_RANGE_LOOP_ANALYSIS = YES;
				CLANG_WARN_STRICT_PROTOTYPES = YES;
				CLANG_WARN_SUSPICIOUS_MOVE = YES;
				CLANG_WARN_UNGUARDED_AVAILABILITY = YES_AGGRESSIVE;
				CLANG_WARN_UNREACHABLE_CODE = YES;
				CLANG_WARN__DUPLICATE_METHOD_MATCH = YES;
				CODE_SIGN_IDENTITY = "iPhone Developer";
				COPY_PHASE_STRIP = NO;
				DEBUG_INFORMATION_FORMAT = "dwarf-with-dsym";
				ENABLE_NS_ASSERTIONS = NO;
				ENABLE_STRICT_OBJC_MSGSEND = YES;
				GCC_C_LANGUAGE_STANDARD = gnu11;
				GCC_NO_COMMON_BLOCKS = YES;
				GCC_WARN_64_TO_32_BIT_CONVERSION = YES;
				GCC_WARN_ABOUT_RETURN_TYPE = YES_ERROR;
				GCC_WARN_UNDECLARED_SELECTOR = YES;
				GCC_WARN_UNINITIALIZED_AUTOS = YES_AGGRESSIVE;
				GCC_WARN_UNUSED_FUNCTION = YES;
				GCC_WARN_UNUSED_VARIABLE = YES;
				IPHONEOS_DEPLOYMENT_TARGET = 12.2;
				MTL_ENABLE_DEBUG_INFO = NO;
				MTL_FAST_MATH = YES;
				SDKROOT = iphoneos;
				SWIFT_COMPILATION_MODE = wholemodule;
				SWIFT_OPTIMIZATION_LEVEL = "-O";
				VALIDATE_PRODUCT = YES;
			};
			name = Release;
		};
		EFE6F6BC22B745F000092678 /* Debug */ = {
			isa = XCBuildConfiguration;
			buildSettings = {
				ASSETCATALOG_COMPILER_APPICON_NAME = AppIcon;
				CODE_SIGN_STYLE = Automatic;
				DEVELOPMENT_TEAM = ZMM4WWA6BY;
				INFOPLIST_FILE = MovieSample/Info.plist;
				LD_RUNPATH_SEARCH_PATHS = (
					"$(inherited)",
					"@executable_path/Frameworks",
				);
				PRODUCT_BUNDLE_IDENTIFIER = com.nagai.MovieSample;
				PRODUCT_NAME = "$(TARGET_NAME)";
				SWIFT_VERSION = 5.0;
				TARGETED_DEVICE_FAMILY = "1,2";
			};
			name = Debug;
		};
		EFE6F6BD22B745F000092678 /* Release */ = {
			isa = XCBuildConfiguration;
			buildSettings = {
				ASSETCATALOG_COMPILER_APPICON_NAME = AppIcon;
				CODE_SIGN_STYLE = Automatic;
				DEVELOPMENT_TEAM = ZMM4WWA6BY;
				INFOPLIST_FILE = MovieSample/Info.plist;
				LD_RUNPATH_SEARCH_PATHS = (
					"$(inherited)",
					"@executable_path/Frameworks",
				);
				PRODUCT_BUNDLE_IDENTIFIER = com.nagai.MovieSample;
				PRODUCT_NAME = "$(TARGET_NAME)";
				SWIFT_VERSION = 5.0;
				TARGETED_DEVICE_FAMILY = "1,2";
			};
			name = Release;
		};
/* End XCBuildConfiguration section */

/* Begin XCConfigurationList section */
		EFE6F6A122B745EF00092678 /* Build configuration list for PBXProject "MovieSample" */ = {
			isa = XCConfigurationList;
			buildConfigurations = (
				EFE6F6B922B745F000092678 /* Debug */,
				EFE6F6BA22B745F000092678 /* Release */,
			);
			defaultConfigurationIsVisible = 0;
			defaultConfigurationName = Release;
		};
		EFE6F6BB22B745F000092678 /* Build configuration list for PBXNativeTarget "MovieSample" */ = {
			isa = XCConfigurationList;
			buildConfigurations = (
				EFE6F6BC22B745F000092678 /* Debug */,
				EFE6F6BD22B745F000092678 /* Release */,
			);
			defaultConfigurationIsVisible = 0;
			defaultConfigurationName = Release;
		};
/* End XCConfigurationList section */

/* Begin XCVersionGroup section */
		EFE6F6B022B745EF00092678 /* MovieSample.xcdatamodeld */ = {
			isa = XCVersionGroup;
			children = (
				EFE6F6B122B745EF00092678 /* MovieSample.xcdatamodel */,
			);
			currentVersion = EFE6F6B122B745EF00092678 /* MovieSample.xcdatamodel */;
			path = MovieSample.xcdatamodeld;
			sourceTree = "<group>";
			versionGroupType = wrapper.xcdatamodel;
		};
/* End XCVersionGroup section */
	};
	rootObject = EFE6F69E22B745EF00092678 /* Project object */;
}
